
Microsoft Visual Studio Solution File, Format Version 12.00
# Visual Studio Version 17
VisualStudioVersion = 17.10.35004.147
MinimumVisualStudioVersion = 10.0.40219.1
Project("{9A19103F-16F7-4668-BE54-9A1E7A4F7556}") = "DeejAppWPF", "DeejAppWPF.csproj", "{2FD46E2B-14B8-47A2-B159-C77FB106628F}"
EndProject
Global
	GlobalSection(SolutionConfigurationPlatforms) = preSolution
		Debug|Any CPU = Debug|Any CPU
		Release|Any CPU = Release|Any CPU
	EndGlobalSection
	GlobalSection(ProjectConfigurationPlatforms) = postSolution
		{2FD46E2B-14B8-47A2-B159-C77FB106628F}.Debug|Any CPU.ActiveCfg = Debug|Any CPU
		{2FD46E2B-14B8-47A2-B159-C77FB106628F}.Debug|Any CPU.Build.0 = Debug|Any CPU
		{2FD46E2B-14B8-47A2-B159-C77FB106628F}.Release|Any CPU.ActiveCfg = Release|Any CPU
		{2FD46E2B-14B8-47A2-B159-C77FB106628F}.Release|Any CPU.Build.0 = Release|Any CPU
	EndGlobalSection
	GlobalSection(SolutionProperties) = preSolution
		HideSolutionNode = FALSE
	EndGlobalSection
	GlobalSection(ExtensibilityGlobals) = postSolution
		SolutionGuid = {20016404-E683-43A3-A438-C3B48571330E}
	EndGlobalSection
EndGlobal
